// !$*UTF8*$!
{
	archiveVersion = 1;
	classes = {
	};
	objectVersion = 46;
	objects = {

/* Begin PBXBuildFile section */
		213212AD1E3C62030055FA20 /* AppDelegate.swift in Sources */ = {isa = PBXBuildFile; fileRef = 213212AC1E3C62030055FA20 /* AppDelegate.swift */; };
		213212B21E3C62030055FA20 /* Main.storyboard in Resources */ = {isa = PBXBuildFile; fileRef = 213212B01E3C62030055FA20 /* Main.storyboard */; };
		213212B41E3C62030055FA20 /* Assets.xcassets in Resources */ = {isa = PBXBuildFile; fileRef = 213212B31E3C62030055FA20 /* Assets.xcassets */; };
		213212B71E3C62030055FA20 /* LaunchScreen.storyboard in Resources */ = {isa = PBXBuildFile; fileRef = 213212B51E3C62030055FA20 /* LaunchScreen.storyboard */; };
		213212BF1E3C64860055FA20 /* FormTableViewController.swift in Sources */ = {isa = PBXBuildFile; fileRef = 213212BE1E3C64860055FA20 /* FormTableViewController.swift */; };
/* End PBXBuildFile section */

/* Begin PBXFileReference section */
		213212A91E3C62030055FA20 /* expandable-cell-test.app */ = {isa = PBXFileReference; explicitFileType = wrapper.application; includeInIndex = 0; path = "expandable-cell-test.app"; sourceTree = BUILT_PRODUCTS_DIR; };
		213212AC1E3C62030055FA20 /* AppDelegate.swift */ = {isa = PBXFileReference; lastKnownFileType = sourcecode.swift; path = AppDelegate.swift; sourceTree = "<group>"; };
		213212B11E3C62030055FA20 /* Base */ = {isa = PBXFileReference; lastKnownFileType = file.storyboard; name = Base; path = Base.lproj/Main.storyboard; sourceTree = "<group>"; };
		213212B31E3C62030055FA20 /* Assets.xcassets */ = {isa = PBXFileReference; lastKnownFileType = folder.assetcatalog; path = Assets.xcassets; sourceTree = "<group>"; };
		213212B61E3C62030055FA20 /* Base */ = {isa = PBXFileReference; lastKnownFileType = file.storyboard; name = Base; path = Base.lproj/LaunchScreen.storyboard; sourceTree = "<group>"; };
		213212B81E3C62030055FA20 /* Info.plist */ = {isa = PBXFileReference; lastKnownFileType = text.plist.xml; path = Info.plist; sourceTree = "<group>"; };
		213212BE1E3C64860055FA20 /* FormTableViewController.swift */ = {isa = PBXFileReference; fileEncoding = 4; lastKnownFileType = sourcecode.swift; path = FormTableViewController.swift; sourceTree = "<group>"; };
/* End PBXFileReference section */

/* Begin PBXFrameworksBuildPhase section */
		213212A61E3C62030055FA20 /* Frameworks */ = {
			isa = PBXFrameworksBuildPhase;
			buildActionMask = 2147483647;
			files = (
			);
			runOnlyForDeploymentPostprocessing = 0;
		};
/* End PBXFrameworksBuildPhase section */

/* Begin PBXGroup section */
		213212A01E3C62030055FA20 = {
			isa = PBXGroup;
			children = (
				213212AB1E3C62030055FA20 /* expandable-cell-test */,
				213212AA1E3C62030055FA20 /* Products */,
			);
			sourceTree = "<group>";
		};
		213212AA1E3C62030055FA20 /* Products */ = {
			isa = PBXGroup;
			children = (
				213212A91E3C62030055FA20 /* expandable-cell-test.app */,
			);
			name = Products;
			sourceTree = "<group>";
		};
		213212AB1E3C62030055FA20 /* expandable-cell-test */ = {
			isa = PBXGroup;
			children = (
				213212AC1E3C62030055FA20 /* AppDelegate.swift */,
				213212B01E3C62030055FA20 /* Main.storyboard */,
				213212B31E3C62030055FA20 /* Assets.xcassets */,
				213212B51E3C62030055FA20 /* LaunchScreen.storyboard */,
				213212B81E3C62030055FA20 /* Info.plist */,
				213212BE1E3C64860055FA20 /* FormTableViewController.swift */,
			);
			path = "expandable-cell-test";
			sourceTree = "<group>";
		};
/* End PBXGroup section */

/* Begin PBXNativeTarget section */
		213212A81E3C62030055FA20 /* expandable-cell-test */ = {
			isa = PBXNativeTarget;
			buildConfigurationList = 213212BB1E3C62030055FA20 /* Build configuration list for PBXNativeTarget "expandable-cell-test" */;
			buildPhases = (
				213212A51E3C62030055FA20 /* Sources */,
				213212A61E3C62030055FA20 /* Frameworks */,
				213212A71E3C62030055FA20 /* Resources */,
			);
			buildRules = (
			);
			dependencies = (
			);
			name = "expandable-cell-test";
			productName = "expandable-cell-test";
			productReference = 213212A91E3C62030055FA20 /* expandable-cell-test.app */;
			productType = "com.apple.product-type.application";
		};
/* End PBXNativeTarget section */

/* Begin PBXProject section */
		213212A11E3C62030055FA20 /* Project object */ = {
			isa = PBXProject;
			attributes = {
				LastSwiftUpdateCheck = 0820;
				LastUpgradeCheck = 0820;
				ORGANIZATIONNAME = "Desco Grid";
				TargetAttributes = {
					213212A81E3C62030055FA20 = {
						CreatedOnToolsVersion = 8.2.1;
						DevelopmentTeam = ENJ8MS4EMS;
						ProvisioningStyle = Automatic;
					};
				};
			};
			buildConfigurationList = 213212A41E3C62030055FA20 /* Build configuration list for PBXProject "expandable-cell-test" */;
			compatibilityVersion = "Xcode 3.2";
			developmentRegion = English;
			hasScannedForEncodings = 0;
			knownRegions = (
				en,
				Base,
			);
			mainGroup = 213212A01E3C62030055FA20;
			productRefGroup = 213212AA1E3C62030055FA20 /* Products */;
			projectDirPath = "";
			projectRoot = "";
			targets = (
				213212A81E3C62030055FA20 /* expandable-cell-test */,
			);
		};
/* End PBXProject section */

/* Begin PBXResourcesBuildPhase section */
		213212A71E3C62030055FA20 /* Resources */ = {
			isa = PBXResourcesBuildPhase;
			buildActionMask = 2147483647;
			files = (
				213212B71E3C62030055FA20 /* LaunchScreen.storyboard in Resources */,
				213212B41E3C62030055FA20 /* Assets.xcassets in Resources */,
				213212B21E3C62030055FA20 /* Main.storyboard in Resources */,
			);
			runOnlyForDeploymentPostprocessing = 0;
		};
/* End PBXResourcesBuildPhase section */

/* Begin PBXSourcesBuildPhase section */
		213212A51E3C62030055FA20 /* Sources */ = {
			isa = PBXSourcesBuildPhase;
			buildActionMask = 2147483647;
			files = (
				213212AD1E3C62030055FA20 /* AppDelegate.swift in Sources */,
				213212BF1E3C64860055FA20 /* FormTableViewController.swift in Sources */,
			);
			runOnlyForDeploymentPostprocessing = 0;
		};
/* End PBXSourcesBuildPhase section */

/* Begin PBXVariantGroup section */
		213212B01E3C62030055FA20 /* Main.storyboard */ = {
			isa = PBXVariantGroup;
			children = (
				213212B11E3C62030055FA20 /* Base */,
			);
			name = Main.storyboard;
			sourceTree = "<group>";
		};
		213212B51E3C62030055FA20 /* LaunchScreen.storyboard */ = {
			isa = PBXVariantGroup;
			children = (
				213212B61E3C62030055FA20 /* Base */,
			);
			name = LaunchScreen.storyboard;
			sourceTree = "<group>";
		};
/* End PBXVariantGroup section */

/* Begin XCBuildConfiguration section */
		213212B91E3C62030055FA20 /* Debug */ = {
			isa = XCBuildConfiguration;
			buildSettings = {
				ALWAYS_SEARCH_USER_PATHS = NO;
				CLANG_ANALYZER_NONNULL = YES;
				CLANG_CXX_LANGUAGE_STANDARD = "gnu++0x";
				CLANG_CXX_LIBRARY = "libc++";
				CLANG_ENABLE_MODULES = YES;
				CLANG_ENABLE_OBJC_ARC = YES;
				CLANG_WARN_BOOL_CONVERSION = YES;
				CLANG_WARN_CONSTANT_CONVERSION = YES;
				CLANG_WARN_DIRECT_OBJC_ISA_USAGE = YES_ERROR;
				CLANG_WARN_DOCUMENTATION_COMMENTS = YES;
				CLANG_WARN_EMPTY_BODY = YES;
				CLANG_WARN_ENUM_CONVERSION = YES;
				CLANG_WARN_INFINITE_RECURSION = YES;
				CLANG_WARN_INT_CONVERSION = YES;
				CLANG_WARN_OBJC_ROOT_CLASS = YES_ERROR;
				CLANG_WARN_SUSPICIOUS_MOVE = YES;
				CLANG_WARN_UNREACHABLE_CODE = YES;
				CLANG_WARN__DUPLICATE_METHOD_MATCH = YES;
				"CODE_SIGN_IDENTITY[sdk=iphoneos*]" = "iPhone Developer";
				COPY_PHASE_STRIP = NO;
				DEBUG_INFORMATION_FORMAT = dwarf;
				ENABLE_STRICT_OBJC_MSGSEND = YES;
				ENABLE_TESTABILITY = YES;
				GCC_C_LANGUAGE_STANDARD = gnu99;
				GCC_DYNAMIC_NO_PIC = NO;
				GCC_NO_COMMON_BLOCKS = YES;
				GCC_OPTIMIZATION_LEVEL = 0;
				GCC_PREPROCESSOR_DEFINITIONS = (
					"DEBUG=1",
					"$(inherited)",
				);
				GCC_WARN_64_TO_32_BIT_CONVERSION = YES;
				GCC_WARN_ABOUT_RETURN_TYPE = YES_ERROR;
				GCC_WARN_UNDECLARED_SELECTOR = YES;
				GCC_WARN_UNINITIALIZED_AUTOS = YES_AGGRESSIVE;
				GCC_WARN_UNUSED_FUNCTION = YES;
				GCC_WARN_UNUSED_VARIABLE = YES;
				IPHONEOS_DEPLOYMENT_TARGET = 10.2;
				MTL_ENABLE_DEBUG_INFO = YES;
				ONLY_ACTIVE_ARCH = YES;
				SDKROOT = iphoneos;
				SWIFT_ACTIVE_COMPILATION_CONDITIONS = DEBUG;
				SWIFT_OPTIMIZATION_LEVEL = "-Onone";
			};
			name = Debug;
		};
		213212BA1E3C62030055FA20 /* Release */ = {
			isa = XCBuildConfiguration;
			buildSettings = {
				ALWAYS_SEARCH_USER_PATHS = NO;
				CLANG_ANALYZER_NONNULL = YES;
				CLANG_CXX_LANGUAGE_STANDARD = "gnu++0x";
				CLANG_CXX_LIBRARY = "libc++";
				CLANG_ENABLE_MODULES = YES;
				CLANG_ENABLE_OBJC_ARC = YES;
				CLANG_WARN_BOOL_CONVERSION = YES;
				CLANG_WARN_CONSTANT_CONVERSION = YES;
				CLANG_WARN_DIRECT_OBJC_ISA_USAGE = YES_ERROR;
				CLANG_WARN_DOCUMENTATION_COMMENTS = YES;
				CLANG_WARN_EMPTY_BODY = YES;
				CLANG_WARN_ENUM_CONVERSION = YES;
				CLANG_WARN_INFINITE_RECURSION = YES;
				CLANG_WARN_INT_CONVERSION = YES;
				CLANG_WARN_OBJC_ROOT_CLASS = YES_ERROR;
				CLANG_WARN_SUSPICIOUS_MOVE = YES;
				CLANG_WARN_UNREACHABLE_CODE = YES;
				CLANG_WARN__DUPLICATE_METHOD_MATCH = YES;
				"CODE_SIGN_IDENTITY[sdk=iphoneos*]" = "iPhone Developer";
				COPY_PHASE_STRIP = NO;
				DEBUG_INFORMATION_FORMAT = "dwarf-with-dsym";
				ENABLE_NS_ASSERTIONS = NO;
				ENABLE_STRICT_OBJC_MSGSEND = YES;
				GCC_C_LANGUAGE_STANDARD = gnu99;
				GCC_NO_COMMON_BLOCKS = YES;
				GCC_WARN_64_TO_32_BIT_CONVERSION = YES;
				GCC_WARN_ABOUT_RETURN_TYPE = YES_ERROR;
				GCC_WARN_UNDECLARED_SELECTOR = YES;
				GCC_WARN_UNINITIALIZED_AUTOS = YES_AGGRESSIVE;
				GCC_WARN_UNUSED_FUNCTION = YES;
				GCC_WARN_UNUSED_VARIABLE = YES;
				IPHONEOS_DEPLOYMENT_TARGET = 10.2;
				MTL_ENABLE_DEBUG_INFO = NO;
				SDKROOT = iphoneos;
				SWIFT_OPTIMIZATION_LEVEL = "-Owholemodule";
				VALIDATE_PRODUCT = YES;
			};
			name = Release;
		};
		213212BC1E3C62030055FA20 /* Debug */ = {
			isa = XCBuildConfiguration;
			buildSettings = {
				ASSETCATALOG_COMPILER_APPICON_NAME = AppIcon;
				DEVELOPMENT_TEAM = ENJ8MS4EMS;
				INFOPLIST_FILE = "expandable-cell-test/Info.plist";
				LD_RUNPATH_SEARCH_PATHS = "$(inherited) @executable_path/Frameworks";
				PRODUCT_BUNDLE_IDENTIFIER = "co.descogrid.expandable-cell-test";
				PRODUCT_NAME = "$(TARGET_NAME)";
				SWIFT_VERSION = 3.0;
			};
			name = Debug;
		};
		213212BD1E3C62030055FA20 /* Release */ = {
			isa = XCBuildConfiguration;
			buildSettings = {
				ASSETCATALOG_COMPILER_APPICON_NAME = AppIcon;
				DEVELOPMENT_TEAM = ENJ8MS4EMS;
				INFOPLIST_FILE = "expandable-cell-test/Info.plist";
				LD_RUNPATH_SEARCH_PATHS = "$(inherited) @executable_path/Frameworks";
				PRODUCT_BUNDLE_IDENTIFIER = "co.descogrid.expandable-cell-test";
				PRODUCT_NAME = "$(TARGET_NAME)";
				SWIFT_VERSION = 3.0;
			};
			name = Release;
		};
/* End XCBuildConfiguration section */

/* Begin XCConfigurationList section */
		213212A41E3C62030055FA20 /* Build configuration list for PBXProject "expandable-cell-test" */ = {
			isa = XCConfigurationList;
			buildConfigurations = (
				213212B91E3C62030055FA20 /* Debug */,
				213212BA1E3C62030055FA20 /* Release */,
			);
			defaultConfigurationIsVisible = 0;
			defaultConfigurationName = Release;
		};
		213212BB1E3C62030055FA20 /* Build configuration list for PBXNativeTarget "expandable-cell-test" */ = {
			isa = XCConfigurationList;
			buildConfigurations = (
				213212BC1E3C62030055FA20 /* Debug */,
				213212BD1E3C62030055FA20 /* Release */,
			);
			defaultConfigurationIsVisible = 0;
		};
/* End XCConfigurationList section */
	};
	rootObject = 213212A11E3C62030055FA20 /* Project object */;
}
